<?xml version="1.0" encoding="utf-8"?>
<Project ToolsVersion="4.0" xmlns="http://schemas.microsoft.com/developer/msbuild/2003">
  <ItemGroup>
    <Filter Include="Main">
      <UniqueIdentifier>{eb6b5bc4-eec6-4ad4-ae1e-cca6f2e0f137}</UniqueIdentifier>
    </Filter>
  </ItemGroup>
  <ItemGroup>
    <ClCompile Include="Source.cpp">
      <Filter>Main</Filter>
    </ClCompile>
    <ClCompile Include="Sockets.cpp">
      <Filter>Main</Filter>
    </ClCompile>
  </ItemGroup>
  <ItemGroup>
    <ClInclude Include="Events.h">
      <Filter>Main</Filter>
    </ClInclude>
    <ClInclude Include="Sockets.h">
      <Filter>Main</Filter>
    </ClInclude>
    <ClInclude Include="Header.h" />
  </ItemGroup>
</Project>